{
  "name": "duckdb-viewer",
  "version": "1.0.0",
  "lockfileVersion": 3,
  "requires": true,
  "packages": {
    "": {
      "name": "duckdb-viewer",
      "version": "1.0.0",
      "dependencies": {
        "@duckdb/node-api": "^1.4.4-r.1"
      }
    },
    "node_modules/@duckdb/node-api": {
      "version": "1.4.4-r.3",
      "resolved": "https://registry.npmjs.org/@duckdb/node-api/-/node-api-1.4.4-r.3.tgz",
      "integrity": "sha512-zsTihV7WTGp+n6nI0rNY+cNamKiN9lj0YTS4jrjBMd5ESJpDIJNJOB3o0xBbBghalgGu6PZfZOIcNofUbUHAYg==",
      "license": "MIT",
      "dependencies": {
        "@duckdb/node-bindings": "1.4.4-r.3"
      }
    },
    "node_modules/@duckdb/node-bindings": {
      "version": "1.4.4-r.3",
      "resolved": "https://registry.npmjs.org/@duckdb/node-bindings/-/node-bindings-1.4.4-r.3.tgz",
      "integrity": "sha512-ucvhCF3IK60BzxTFwYTjyQao9zavEwXJ1JdGk70UEXa85JQlos3pJslEG3lIczhdtSPu0aum+hv67aBmpH21cw==",
      "license": "MIT",
      "optionalDependencies": {
        "@duckdb/node-bindings-darwin-arm64": "1.4.4-r.3",
        "@duckdb/node-bindings-darwin-x64": "1.4.4-r.3",
        "@duckdb/node-bindings-linux-arm64": "1.4.4-r.3",
        "@duckdb/node-bindings-linux-x64": "1.4.4-r.3",
        "@duckdb/node-bindings-win32-arm64": "1.4.4-r.3",
        "@duckdb/node-bindings-win32-x64": "1.4.4-r.3"
      }
    },
    "node_modules/@duckdb/node-bindings-darwin-arm64": {
      "version": "1.4.4-r.3",
      "resolved": "https://registry.npmjs.org/@duckdb/node-bindings-darwin-arm64/-/node-bindings-darwin-arm64-1.4.4-r.3.tgz",
      "integrity": "sha512-8tfUVcbkNhpCezUNFlrMOwNZL8p1XfE9jxhjlPine1zKM9mNNtKW1pwLXId6MZ/BDMpVfQmlxnu97NYtPmpgRw==",
      "cpu": [
        "arm64"
      ],
      "license": "MIT",
      "optional": true,
      "os": [
        "darwin"
      ]
    },
    "node_modules/@duckdb/node-bindings-darwin-x64": {
      "version": "1.4.4-r.3",
      "resolved": "https://registry.npmjs.org/@duckdb/node-bindings-darwin-x64/-/node-bindings-darwin-x64-1.4.4-r.3.tgz",
      "integrity": "sha512-7pqSajMX/qb2vRnCMxOaM/cNkUX4kzHKAfdfQT+7dglvuIND2xy8+7EQ4+wHzk+gkPJsWUHZF0l0n6X6tyKFEA==",
      "cpu": [
        "x64"
      ],
      "license": "MIT",
      "optional": true,
      "os": [
        "darwin"
      ]
    },
    "node_modules/@duckdb/node-bindings-linux-arm64": {
      "version": "1.4.4-r.3",
      "resolved": "https://registry.npmjs.org/@duckdb/node-bindings-linux-arm64/-/node-bindings-linux-arm64-1.4.4-r.3.tgz",
      "integrity": "sha512-qF2/WhB+i+8is60RrpTY/5ZnywIUayuBiVXSuQ4rrRn1m1gvfKqPvjySbiDjYgQo/6OXu/fax0KC1gXnNWoLEA==",
      "cpu": [
        "arm64"
      ],
      "license": "MIT",
      "optional": true,
      "os": [
        "linux"
      ]
    },
    "node_modules/@duckdb/node-bindings-linux-x64": {
      "version": "1.4.4-r.3",
      "resolved": "https://registry.npmjs.org/@duckdb/node-bindings-linux-x64/-/node-bindings-linux-x64-1.4.4-r.3.tgz",
      "integrity": "sha512-Z59zpUIcZilHBmcZpmwfFwi6/OAnKlVQCE9/NGgZCFSqYeb+3ij5HQy26hp10GIiv3HxUQGId8HVs92x2jvckQ==",
      "cpu": [
        "x64"
      ],
      "license": "MIT",
      "optional": true,
      "os": [
        "linux"
      ]
    },
    "node_modules/@duckdb/node-bindings-win32-arm64": {
      "version": "1.4.4-r.3",
      "resolved": "https://registry.npmjs.org/@duckdb/node-bindings-win32-arm64/-/node-bindings-win32-arm64-1.4.4-r.3.tgz",
      "integrity": "sha512-ejjMqDm2UbGIKq+4wBE27cqcZjxBzLnc1dniEE/xs9CVs4iYsiFP1BJLDAh4188P9pqgN9+VR3O69QfoZQ8rqQ==",
      "cpu": [
        "arm64"
      ],
      "license": "MIT",
      "optional": true,
      "os": [
        "win32"
      ]
    },
    "node_modules/@duckdb/node-bindings-win32-x64": {
      "version": "1.4.4-r.3",
      "resolved": "https://registry.npmjs.org/@duckdb/node-bindings-win32-x64/-/node-bindings-win32-x64-1.4.4-r.3.tgz",
      "integrity": "sha512-5CzkI3jPkwALPYS66/vj/3wgsICxALkqRdOEJc8wHqPPlpM/Ez7jFAovI7+S8JrTaxUANkiIAcCtYYAJPElbRQ==",
      "cpu": [
        "x64"
      ],
      "license": "MIT",
      "optional": true,
      "os": [
        "win32"
      ]
    }
  }
}
